
Microsoft Visual Studio Solution File, Format Version 12.00
# Visual Studio Version 17
VisualStudioVersion = 17.11.35222.181
MinimumVisualStudioVersion = 10.0.40219.1
Project("{9A19103F-16F7-4668-BE54-9A1E7A4F7556}") = "Business", "Business\Business.csproj", "{92EE53B4-909C-49C1-AEAE-35B252CE34E2}"
EndProject
Project("{9A19103F-16F7-4668-BE54-9A1E7A4F7556}") = "Core", "Core\Core.csproj", "{FDE3F496-C63C-458F-AC2F-239888C6F7E5}"
EndProject
Project("{9A19103F-16F7-4668-BE54-9A1E7A4F7556}") = "DataAccess", "DataAccess\DataAccess.csproj", "{39366797-5B94-4A66-971A-99FC2434660E}"
EndProject
Project("{9A19103F-16F7-4668-BE54-9A1E7A4F7556}") = "Entities", "Entities\Entities.csproj", "{8D518E47-BDE8-4D58-9B40-40357C3B4E0C}"
EndProject
Project("{9A19103F-16F7-4668-BE54-9A1E7A4F7556}") = "ConsoleUI", "ConsoleUI\ConsoleUI.csproj", "{4D6FF259-31AE-47DD-90B6-C4D2ED5BF90C}"
EndProject
Project("{FAE04EC0-301F-11D3-BF4B-00C04F79EFBC}") = "WebAPI", "WebAPI\WebAPI.csproj", "{1363C951-DCFF-4902-8103-E53BEC2B14A8}"
EndProject
Global
	GlobalSection(SolutionConfigurationPlatforms) = preSolution
		Debug|Any CPU = Debug|Any CPU
		Release|Any CPU = Release|Any CPU
	EndGlobalSection
	GlobalSection(ProjectConfigurationPlatforms) = postSolution
		{92EE53B4-909C-49C1-AEAE-35B252CE34E2}.Debug|Any CPU.ActiveCfg = Debug|Any CPU
		{92EE53B4-909C-49C1-AEAE-35B252CE34E2}.Debug|Any CPU.Build.0 = Debug|Any CPU
		{92EE53B4-909C-49C1-AEAE-35B252CE34E2}.Release|Any CPU.ActiveCfg = Release|Any CPU
		{92EE53B4-909C-49C1-AEAE-35B252CE34E2}.Release|Any CPU.Build.0 = Release|Any CPU
		{FDE3F496-C63C-458F-AC2F-239888C6F7E5}.Debug|Any CPU.ActiveCfg = Debug|Any CPU
		{FDE3F496-C63C-458F-AC2F-239888C6F7E5}.Debug|Any CPU.Build.0 = Debug|Any CPU
		{FDE3F496-C63C-458F-AC2F-239888C6F7E5}.Release|Any CPU.ActiveCfg = Release|Any CPU
		{FDE3F496-C63C-458F-AC2F-239888C6F7E5}.Release|Any CPU.Build.0 = Release|Any CPU
		{39366797-5B94-4A66-971A-99FC2434660E}.Debug|Any CPU.ActiveCfg = Debug|Any CPU
		{39366797-5B94-4A66-971A-99FC2434660E}.Debug|Any CPU.Build.0 = Debug|Any CPU
		{39366797-5B94-4A66-971A-99FC2434660E}.Release|Any CPU.ActiveCfg = Release|Any CPU
		{39366797-5B94-4A66-971A-99FC2434660E}.Release|Any CPU.Build.0 = Release|Any CPU
		{8D518E47-BDE8-4D58-9B40-40357C3B4E0C}.Debug|Any CPU.ActiveCfg = Debug|Any CPU
		{8D518E47-BDE8-4D58-9B40-40357C3B4E0C}.Debug|Any CPU.Build.0 = Debug|Any CPU
		{8D518E47-BDE8-4D58-9B40-40357C3B4E0C}.Release|Any CPU.ActiveCfg = Release|Any CPU
		{8D518E47-BDE8-4D58-9B40-40357C3B4E0C}.Release|Any CPU.Build.0 = Release|Any CPU
		{4D6FF259-31AE-47DD-90B6-C4D2ED5BF90C}.Debug|Any CPU.ActiveCfg = Debug|Any CPU
		{4D6FF259-31AE-47DD-90B6-C4D2ED5BF90C}.Debug|Any CPU.Build.0 = Debug|Any CPU
		{4D6FF259-31AE-47DD-90B6-C4D2ED5BF90C}.Release|Any CPU.ActiveCfg = Release|Any CPU
		{4D6FF259-31AE-47DD-90B6-C4D2ED5BF90C}.Release|Any CPU.Build.0 = Release|Any CPU
		{1363C951-DCFF-4902-8103-E53BEC2B14A8}.Debug|Any CPU.ActiveCfg = Debug|Any CPU
		{1363C951-DCFF-4902-8103-E53BEC2B14A8}.Debug|Any CPU.Build.0 = Debug|Any CPU
		{1363C951-DCFF-4902-8103-E53BEC2B14A8}.Release|Any CPU.ActiveCfg = Release|Any CPU
		{1363C951-DCFF-4902-8103-E53BEC2B14A8}.Release|Any CPU.Build.0 = Release|Any CPU
	EndGlobalSection
	GlobalSection(SolutionProperties) = preSolution
		HideSolutionNode = FALSE
	EndGlobalSection
	GlobalSection(ExtensibilityGlobals) = postSolution
		SolutionGuid = {46AE9610-0150-47E4-AD24-4E0D343F7EA2}
	EndGlobalSection
EndGlobal
